
Microsoft Visual Studio Solution File, Format Version 12.00
# Visual Studio Version 17
VisualStudioVersion = 17.3.32929.385
MinimumVisualStudioVersion = 10.0.40219.1
Project("{FAE04EC0-301F-11D3-BF4B-00C04F79EFBC}") = "STPL_API", "STPL_API\STPL_API.csproj", "{D66166B0-B8E1-409B-8983-787D7DA09118}"
EndProject
Global
	GlobalSection(SolutionConfigurationPlatforms) = preSolution
		Debug|Any CPU = Debug|Any CPU
		Release|Any CPU = Release|Any CPU
	EndGlobalSection
	GlobalSection(ProjectConfigurationPlatforms) = postSolution
		{D66166B0-B8E1-409B-8983-787D7DA09118}.Debug|Any CPU.ActiveCfg = Debug|Any CPU
		{D66166B0-B8E1-409B-8983-787D7DA09118}.Debug|Any CPU.Build.0 = Debug|Any CPU
		{D66166B0-B8E1-409B-8983-787D7DA09118}.Release|Any CPU.ActiveCfg = Release|Any CPU
		{D66166B0-B8E1-409B-8983-787D7DA09118}.Release|Any CPU.Build.0 = Release|Any CPU
	EndGlobalSection
	GlobalSection(SolutionProperties) = preSolution
		HideSolutionNode = FALSE
	EndGlobalSection
	GlobalSection(ExtensibilityGlobals) = postSolution
		SolutionGuid = {34E1909E-C9E6-4C12-A371-708B5D7AB669}
	EndGlobalSection
EndGlobal
